
Microsoft Visual Studio Solution File, Format Version 12.00
# Visual Studio Version 17
VisualStudioVersion = 17.9.34723.18
MinimumVisualStudioVersion = 10.0.40219.1
Project("{9A19103F-16F7-4668-BE54-9A1E7A4F7556}") = "TPA.Api", "TPA.Api\TPA.Api.csproj", "{AE5F4804-4558-4E21-815B-24855727D091}"
	ProjectSection(ProjectDependencies) = postProject
		{7D9B59A9-C3A5-43FB-BB29-6FE05E40CF6E} = {7D9B59A9-C3A5-43FB-BB29-6FE05E40CF6E}
	EndProjectSection
EndProject
Project("{9A19103F-16F7-4668-BE54-9A1E7A4F7556}") = "TPA.Domain", "TPA.Domain\TPA.Domain.csproj", "{7D9B59A9-C3A5-43FB-BB29-6FE05E40CF6E}"
EndProject
Project("{2150E333-8FDC-42A3-9474-1A3956D46DE8}") = "tests", "tests", "{3B052584-C973-4465-A732-054B89BD736B}"
EndProject
Project("{9A19103F-16F7-4668-BE54-9A1E7A4F7556}") = "TPA.Api.Tests", "TPA.Api.Tests\TPA.Api.Tests.csproj", "{9E894F1A-0C01-4235-B2CD-5FF8FC91DC59}"
EndProject
Project("{9A19103F-16F7-4668-BE54-9A1E7A4F7556}") = "TPA.Domain.Tests", "TPA.Domain.Tests\TPA.Domain.Tests.csproj", "{4DA2236E-E5B4-4BC8-9CAE-F65BC3AE7CCA}"
EndProject
Project("{FAE04EC0-301F-11D3-BF4B-00C04F79EFBC}") = "TPA.BlazorWA", "TPA.BlazorWA\TPA.BlazorWA.csproj", "{A28C591A-1DB1-4ED1-B4EC-17208DDEBB06}"
EndProject
Global
	GlobalSection(SolutionConfigurationPlatforms) = preSolution
		Debug|Any CPU = Debug|Any CPU
		Release|Any CPU = Release|Any CPU
	EndGlobalSection
	GlobalSection(ProjectConfigurationPlatforms) = postSolution
		{AE5F4804-4558-4E21-815B-24855727D091}.Debug|Any CPU.ActiveCfg = Debug|Any CPU
		{AE5F4804-4558-4E21-815B-24855727D091}.Debug|Any CPU.Build.0 = Debug|Any CPU
		{AE5F4804-4558-4E21-815B-24855727D091}.Release|Any CPU.ActiveCfg = Release|Any CPU
		{AE5F4804-4558-4E21-815B-24855727D091}.Release|Any CPU.Build.0 = Release|Any CPU
		{7D9B59A9-C3A5-43FB-BB29-6FE05E40CF6E}.Debug|Any CPU.ActiveCfg = Debug|Any CPU
		{7D9B59A9-C3A5-43FB-BB29-6FE05E40CF6E}.Debug|Any CPU.Build.0 = Debug|Any CPU
		{7D9B59A9-C3A5-43FB-BB29-6FE05E40CF6E}.Release|Any CPU.ActiveCfg = Release|Any CPU
		{7D9B59A9-C3A5-43FB-BB29-6FE05E40CF6E}.Release|Any CPU.Build.0 = Release|Any CPU
		{9E894F1A-0C01-4235-B2CD-5FF8FC91DC59}.Debug|Any CPU.ActiveCfg = Debug|Any CPU
		{9E894F1A-0C01-4235-B2CD-5FF8FC91DC59}.Debug|Any CPU.Build.0 = Debug|Any CPU
		{9E894F1A-0C01-4235-B2CD-5FF8FC91DC59}.Release|Any CPU.ActiveCfg = Release|Any CPU
		{9E894F1A-0C01-4235-B2CD-5FF8FC91DC59}.Release|Any CPU.Build.0 = Release|Any CPU
		{4DA2236E-E5B4-4BC8-9CAE-F65BC3AE7CCA}.Debug|Any CPU.ActiveCfg = Debug|Any CPU
		{4DA2236E-E5B4-4BC8-9CAE-F65BC3AE7CCA}.Debug|Any CPU.Build.0 = Debug|Any CPU
		{4DA2236E-E5B4-4BC8-9CAE-F65BC3AE7CCA}.Release|Any CPU.ActiveCfg = Release|Any CPU
		{4DA2236E-E5B4-4BC8-9CAE-F65BC3AE7CCA}.Release|Any CPU.Build.0 = Release|Any CPU
		{A28C591A-1DB1-4ED1-B4EC-17208DDEBB06}.Debug|Any CPU.ActiveCfg = Debug|Any CPU
		{A28C591A-1DB1-4ED1-B4EC-17208DDEBB06}.Debug|Any CPU.Build.0 = Debug|Any CPU
		{A28C591A-1DB1-4ED1-B4EC-17208DDEBB06}.Release|Any CPU.ActiveCfg = Release|Any CPU
		{A28C591A-1DB1-4ED1-B4EC-17208DDEBB06}.Release|Any CPU.Build.0 = Release|Any CPU
	EndGlobalSection
	GlobalSection(SolutionProperties) = preSolution
		HideSolutionNode = FALSE
	EndGlobalSection
	GlobalSection(NestedProjects) = preSolution
		{9E894F1A-0C01-4235-B2CD-5FF8FC91DC59} = {3B052584-C973-4465-A732-054B89BD736B}
		{4DA2236E-E5B4-4BC8-9CAE-F65BC3AE7CCA} = {3B052584-C973-4465-A732-054B89BD736B}
	EndGlobalSection
	GlobalSection(ExtensibilityGlobals) = postSolution
		SolutionGuid = {D55F831D-F0E3-46E8-ADC9-0971F071F4F5}
	EndGlobalSection
EndGlobal
