
Microsoft Visual Studio Solution File, Format Version 12.00
# Visual Studio Version 17
VisualStudioVersion = 17.9.34723.18
MinimumVisualStudioVersion = 10.0.40219.1
Project("{FAE04EC0-301F-11D3-BF4B-00C04F79EFBC}") = "TPA.Api", "TPA.Api\TPA.Api.csproj", "{AE5F4804-4558-4E21-815B-24855727D091}"
EndProject
Global
	GlobalSection(SolutionConfigurationPlatforms) = preSolution
		Debug|Any CPU = Debug|Any CPU
		Release|Any CPU = Release|Any CPU
	EndGlobalSection
	GlobalSection(ProjectConfigurationPlatforms) = postSolution
		{AE5F4804-4558-4E21-815B-24855727D091}.Debug|Any CPU.ActiveCfg = Debug|Any CPU
		{AE5F4804-4558-4E21-815B-24855727D091}.Debug|Any CPU.Build.0 = Debug|Any CPU
		{AE5F4804-4558-4E21-815B-24855727D091}.Release|Any CPU.ActiveCfg = Release|Any CPU
		{AE5F4804-4558-4E21-815B-24855727D091}.Release|Any CPU.Build.0 = Release|Any CPU
	EndGlobalSection
	GlobalSection(SolutionProperties) = preSolution
		HideSolutionNode = FALSE
	EndGlobalSection
	GlobalSection(ExtensibilityGlobals) = postSolution
		SolutionGuid = {D55F831D-F0E3-46E8-ADC9-0971F071F4F5}
	EndGlobalSection
EndGlobal
